// !$*UTF8*$!
{
	archiveVersion = 1;
	classes = {
	};
	objectVersion = 46;
	objects = {

/* Begin PBXBuildFile section */
		13B07FBC1A68108700A75B9A /* AppDelegate.m in Sources */ = {isa = PBXBuildFile; fileRef = 13B07FB01A68108700A75B9A /* AppDelegate.m */; };
		13B07FBD1A68108700A75B9A /* LaunchScreen.xib in Resources */ = {isa = PBXBuildFile; fileRef = 13B07FB11A68108700A75B9A /* LaunchScreen.xib */; };
		13B07FBF1A68108700A75B9A /* Images.xcassets in Resources */ = {isa = PBXBuildFile; fileRef = 13B07FB51A68108700A75B9A /* Images.xcassets */; };
		13B07FC11A68108700A75B9A /* main.m in Sources */ = {isa = PBXBuildFile; fileRef = 13B07FB71A68108700A75B9A /* main.m */; };
		3E461D99554A48A4959DE609 /* SplashScreen.storyboard in Resources */ = {isa = PBXBuildFile; fileRef = AA286B85B6C04FC6940260E9 /* SplashScreen.storyboard */; };
		96905EF65AED1B983A6B3ABC /* libPods-campkorea.a in Frameworks */ = {isa = PBXBuildFile; fileRef = 58EEBF8E8E6FB1BC6CAF49B5 /* libPods-campkorea.a */; };
		BB2F792D24A3F905000567C9 /* Expo.plist in Resources */ = {isa = PBXBuildFile; fileRef = BB2F792C24A3F905000567C9 /* Expo.plist */; };
		880757E10B124CB999E9E3CE /* 33676382891.ttf in Resources */ = {isa = PBXBuildFile; fileRef = FC2CD2463538499CB4A85DC8 /* 33676382891.ttf */; };
		0721311AA2DB4922856C2CC6 /* ADega Serif Regular.ttf in Resources */ = {isa = PBXBuildFile; fileRef = 8425156E9ECD4A2F8897F970 /* ADega Serif Regular.ttf */; };
		EC8DAA4022154D1BB9951038 /* Bayon.ttf in Resources */ = {isa = PBXBuildFile; fileRef = FCA85DC07EA44A9885D279F2 /* Bayon.ttf */; };
		EEA5291909494EC38180952B /* BebasNeue-Regular.ttf in Resources */ = {isa = PBXBuildFile; fileRef = 1F17EF77D4E9403F861A8342 /* BebasNeue-Regular.ttf */; };
		C29D303D9D8543DDAA913578 /* Nickainley-Normal_2.ttf in Resources */ = {isa = PBXBuildFile; fileRef = AA1082A00F714627ADB074AA /* Nickainley-Normal_2.ttf */; };
		5B1EAC0C3019451B9EA18E7C /* Strawberry Whipped Cream_2.ttf in Resources */ = {isa = PBXBuildFile; fileRef = AF0E973832F147DEA115A36A /* Strawberry Whipped Cream_2.ttf */; };
		375853DA6270408A9F69C5E1 /* AntDesign.ttf in Resources */ = {isa = PBXBuildFile; fileRef = 4CE0A874918248C185CFDC23 /* AntDesign.ttf */; };
		7CCCF07A03EB47C39B46FDC3 /* Entypo.ttf in Resources */ = {isa = PBXBuildFile; fileRef = 67DA0B4D37BA49F6B31D3A7D /* Entypo.ttf */; };
		145779C6B3D84CF6B6A814BA /* EvilIcons.ttf in Resources */ = {isa = PBXBuildFile; fileRef = 3AE4ED6AD1ED49FBBA2B110C /* EvilIcons.ttf */; };
		4FC9CB676A704934B7D4E303 /* Feather.ttf in Resources */ = {isa = PBXBuildFile; fileRef = 06F9999140F24AE9B7672E58 /* Feather.ttf */; };
		74E87E5D3F1549E19F38BA52 /* FontAwesome.ttf in Resources */ = {isa = PBXBuildFile; fileRef = B912F150C367460982AD34BC /* FontAwesome.ttf */; };
		1294B07E1F63429581E327BB /* FontAwesome5_Brands.ttf in Resources */ = {isa = PBXBuildFile; fileRef = B755F0FF1582450CAA972203 /* FontAwesome5_Brands.ttf */; };
		E885C0033F234855AC169778 /* FontAwesome5_Regular.ttf in Resources */ = {isa = PBXBuildFile; fileRef = E9F766D321BF49AE89EF4E30 /* FontAwesome5_Regular.ttf */; };
		FAE6E38A28634EEDBF91D4C0 /* FontAwesome5_Solid.ttf in Resources */ = {isa = PBXBuildFile; fileRef = AC90580E6D2A438FBE0C853D /* FontAwesome5_Solid.ttf */; };
		4F115B5C75AC47FD8D7F8F43 /* Fontisto.ttf in Resources */ = {isa = PBXBuildFile; fileRef = 921C1B28AB18423D94BDD2A9 /* Fontisto.ttf */; };
		639918AA199748C6A571EAFB /* Foundation.ttf in Resources */ = {isa = PBXBuildFile; fileRef = FC89FAC415694A689D574AB9 /* Foundation.ttf */; };
		78E5067C005742D985122AAA /* Ionicons.ttf in Resources */ = {isa = PBXBuildFile; fileRef = 6438B43F32FF4AE1A772A8E8 /* Ionicons.ttf */; };
		A4C667A7B1B34BB3A7EF5C9C /* MaterialCommunityIcons.ttf in Resources */ = {isa = PBXBuildFile; fileRef = 2E641D00878D4EC8B46D7BFB /* MaterialCommunityIcons.ttf */; };
		E1337D4B46E640F29C2033B1 /* MaterialIcons.ttf in Resources */ = {isa = PBXBuildFile; fileRef = BD0F3A852F424709A2BC40F5 /* MaterialIcons.ttf */; };
		F79FC87E344343CABAC926F0 /* Octicons.ttf in Resources */ = {isa = PBXBuildFile; fileRef = D83E637C16144725A37B8014 /* Octicons.ttf */; };
		7E6C1AC22864454F91A12208 /* Roboto_medium.ttf in Resources */ = {isa = PBXBuildFile; fileRef = 614418F6E3EC4823850395C9 /* Roboto_medium.ttf */; };
		DCACB85C57D74E539CB6E48F /* Roboto.ttf in Resources */ = {isa = PBXBuildFile; fileRef = 1DF992BAF9B04785B55C05E4 /* Roboto.ttf */; };
		85A454DFD875475B810439C5 /* rubicon-icon-font.ttf in Resources */ = {isa = PBXBuildFile; fileRef = F1641D7B432F428EB06DC2F4 /* rubicon-icon-font.ttf */; };
		210B646F16134CE688F6EA05 /* SimpleLineIcons.ttf in Resources */ = {isa = PBXBuildFile; fileRef = F86F26258CD347D6B9E9F438 /* SimpleLineIcons.ttf */; };
		1C73A03748AB4DD7997E91D1 /* Zocial.ttf in Resources */ = {isa = PBXBuildFile; fileRef = 0A318A3E79244A2296E8E2C3 /* Zocial.ttf */; };
		10140DA83BD0476FAC043E2A /* Roboto-Bold.ttf in Resources */ = {isa = PBXBuildFile; fileRef = 36DD0E064BE54807BE9A84C8 /* Roboto-Bold.ttf */; };
		4197D373E9AF4786AA6A48DB /* Roboto-Light.ttf in Resources */ = {isa = PBXBuildFile; fileRef = 792AF18FA0DE45AA85CF73B3 /* Roboto-Light.ttf */; };
/* End PBXBuildFile section */

/* Begin PBXFileReference section */
		008F07F21AC5B25A0029DE68 /* main.jsbundle */ = {isa = PBXFileReference; fileEncoding = 4; lastKnownFileType = text; path = main.jsbundle; sourceTree = "<group>"; };
		13B07F961A680F5B00A75B9A /* campkorea.app */ = {isa = PBXFileReference; explicitFileType = wrapper.application; includeInIndex = 0; path = campkorea.app; sourceTree = BUILT_PRODUCTS_DIR; };
		13B07FAF1A68108700A75B9A /* AppDelegate.h */ = {isa = PBXFileReference; fileEncoding = 4; lastKnownFileType = sourcecode.c.h; name = AppDelegate.h; path = campkorea/AppDelegate.h; sourceTree = "<group>"; };
		13B07FB01A68108700A75B9A /* AppDelegate.m */ = {isa = PBXFileReference; fileEncoding = 4; lastKnownFileType = sourcecode.c.objc; name = AppDelegate.m; path = campkorea/AppDelegate.m; sourceTree = "<group>"; };
		13B07FB21A68108700A75B9A /* Base */ = {isa = PBXFileReference; lastKnownFileType = file.xib; name = Base; path = Base.lproj/LaunchScreen.xib; sourceTree = "<group>"; };
		13B07FB51A68108700A75B9A /* Images.xcassets */ = {isa = PBXFileReference; lastKnownFileType = folder.assetcatalog; name = Images.xcassets; path = campkorea/Images.xcassets; sourceTree = "<group>"; };
		13B07FB61A68108700A75B9A /* Info.plist */ = {isa = PBXFileReference; fileEncoding = 4; lastKnownFileType = text.plist.xml; name = Info.plist; path = campkorea/Info.plist; sourceTree = "<group>"; };
		13B07FB71A68108700A75B9A /* main.m */ = {isa = PBXFileReference; fileEncoding = 4; lastKnownFileType = sourcecode.c.objc; name = main.m; path = campkorea/main.m; sourceTree = "<group>"; };
		58EEBF8E8E6FB1BC6CAF49B5 /* libPods-campkorea.a */ = {isa = PBXFileReference; explicitFileType = archive.ar; includeInIndex = 0; path = "libPods-campkorea.a"; sourceTree = BUILT_PRODUCTS_DIR; };
		6C2E3173556A471DD304B334 /* Pods-campkorea.debug.xcconfig */ = {isa = PBXFileReference; includeInIndex = 1; lastKnownFileType = text.xcconfig; name = "Pods-campkorea.debug.xcconfig"; path = "Target Support Files/Pods-campkorea/Pods-campkorea.debug.xcconfig"; sourceTree = "<group>"; };
		7A4D352CD337FB3A3BF06240 /* Pods-campkorea.release.xcconfig */ = {isa = PBXFileReference; includeInIndex = 1; lastKnownFileType = text.xcconfig; name = "Pods-campkorea.release.xcconfig"; path = "Target Support Files/Pods-campkorea/Pods-campkorea.release.xcconfig"; sourceTree = "<group>"; };
		AA286B85B6C04FC6940260E9 /* SplashScreen.storyboard */ = {isa = PBXFileReference; fileEncoding = 4; lastKnownFileType = file.storyboard; name = SplashScreen.storyboard; path = campkorea/SplashScreen.storyboard; sourceTree = "<group>"; };
		BB2F792C24A3F905000567C9 /* Expo.plist */ = {isa = PBXFileReference; fileEncoding = 4; lastKnownFileType = text.plist.xml; path = Expo.plist; sourceTree = "<group>"; };
		ED297162215061F000B7C4FE /* JavaScriptCore.framework */ = {isa = PBXFileReference; lastKnownFileType = wrapper.framework; name = JavaScriptCore.framework; path = System/Library/Frameworks/JavaScriptCore.framework; sourceTree = SDKROOT; };
		ED2971642150620600B7C4FE /* JavaScriptCore.framework */ = {isa = PBXFileReference; lastKnownFileType = wrapper.framework; name = JavaScriptCore.framework; path = Platforms/AppleTVOS.platform/Developer/SDKs/AppleTVOS12.0.sdk/System/Library/Frameworks/JavaScriptCore.framework; sourceTree = DEVELOPER_DIR; };
		FC2CD2463538499CB4A85DC8 /* 33676382891.ttf */ = {isa = PBXFileReference; name = "33676382891.ttf"; path = "../assets/fonts/33676382891.ttf"; sourceTree = "<group>"; fileEncoding = undefined; lastKnownFileType = unknown; explicitFileType = undefined; includeInIndex = 0; };
		8425156E9ECD4A2F8897F970 /* ADega Serif Regular.ttf */ = {isa = PBXFileReference; name = "ADega Serif Regular.ttf"; path = "../assets/fonts/ADega Serif Regular.ttf"; sourceTree = "<group>"; fileEncoding = undefined; lastKnownFileType = unknown; explicitFileType = undefined; includeInIndex = 0; };
		FCA85DC07EA44A9885D279F2 /* Bayon.ttf */ = {isa = PBXFileReference; name = "Bayon.ttf"; path = "../assets/fonts/Bayon.ttf"; sourceTree = "<group>"; fileEncoding = undefined; lastKnownFileType = unknown; explicitFileType = undefined; includeInIndex = 0; };
		1F17EF77D4E9403F861A8342 /* BebasNeue-Regular.ttf */ = {isa = PBXFileReference; name = "BebasNeue-Regular.ttf"; path = "../assets/fonts/BebasNeue-Regular.ttf"; sourceTree = "<group>"; fileEncoding = undefined; lastKnownFileType = unknown; explicitFileType = undefined; includeInIndex = 0; };
		AA1082A00F714627ADB074AA /* Nickainley-Normal_2.ttf */ = {isa = PBXFileReference; name = "Nickainley-Normal_2.ttf"; path = "../assets/fonts/Nickainley-Normal_2.ttf"; sourceTree = "<group>"; fileEncoding = undefined; lastKnownFileType = unknown; explicitFileType = undefined; includeInIndex = 0; };
		AF0E973832F147DEA115A36A /* Strawberry Whipped Cream_2.ttf */ = {isa = PBXFileReference; name = "Strawberry Whipped Cream_2.ttf"; path = "../assets/fonts/Strawberry Whipped Cream_2.ttf"; sourceTree = "<group>"; fileEncoding = undefined; lastKnownFileType = unknown; explicitFileType = undefined; includeInIndex = 0; };
		4CE0A874918248C185CFDC23 /* AntDesign.ttf */ = {isa = PBXFileReference; name = "AntDesign.ttf"; path = "../node_modules/native-base/Fonts/AntDesign.ttf"; sourceTree = "<group>"; fileEncoding = undefined; lastKnownFileType = unknown; explicitFileType = undefined; includeInIndex = 0; };
		67DA0B4D37BA49F6B31D3A7D /* Entypo.ttf */ = {isa = PBXFileReference; name = "Entypo.ttf"; path = "../node_modules/native-base/Fonts/Entypo.ttf"; sourceTree = "<group>"; fileEncoding = undefined; lastKnownFileType = unknown; explicitFileType = undefined; includeInIndex = 0; };
		3AE4ED6AD1ED49FBBA2B110C /* EvilIcons.ttf */ = {isa = PBXFileReference; name = "EvilIcons.ttf"; path = "../node_modules/native-base/Fonts/EvilIcons.ttf"; sourceTree = "<group>"; fileEncoding = undefined; lastKnownFileType = unknown; explicitFileType = undefined; includeInIndex = 0; };
		06F9999140F24AE9B7672E58 /* Feather.ttf */ = {isa = PBXFileReference; name = "Feather.ttf"; path = "../node_modules/native-base/Fonts/Feather.ttf"; sourceTree = "<group>"; fileEncoding = undefined; lastKnownFileType = unknown; explicitFileType = undefined; includeInIndex = 0; };
		B912F150C367460982AD34BC /* FontAwesome.ttf */ = {isa = PBXFileReference; name = "FontAwesome.ttf"; path = "../node_modules/native-base/Fonts/FontAwesome.ttf"; sourceTree = "<group>"; fileEncoding = undefined; lastKnownFileType = unknown; explicitFileType = undefined; includeInIndex = 0; };
		B755F0FF1582450CAA972203 /* FontAwesome5_Brands.ttf */ = {isa = PBXFileReference; name = "FontAwesome5_Brands.ttf"; path = "../node_modules/native-base/Fonts/FontAwesome5_Brands.ttf"; sourceTree = "<group>"; fileEncoding = undefined; lastKnownFileType = unknown; explicitFileType = undefined; includeInIndex = 0; };
		E9F766D321BF49AE89EF4E30 /* FontAwesome5_Regular.ttf */ = {isa = PBXFileReference; name = "FontAwesome5_Regular.ttf"; path = "../node_modules/native-base/Fonts/FontAwesome5_Regular.ttf"; sourceTree = "<group>"; fileEncoding = undefined; lastKnownFileType = unknown; explicitFileType = undefined; includeInIndex = 0; };
		AC90580E6D2A438FBE0C853D /* FontAwesome5_Solid.ttf */ = {isa = PBXFileReference; name = "FontAwesome5_Solid.ttf"; path = "../node_modules/native-base/Fonts/FontAwesome5_Solid.ttf"; sourceTree = "<group>"; fileEncoding = undefined; lastKnownFileType = unknown; explicitFileType = undefined; includeInIndex = 0; };
		921C1B28AB18423D94BDD2A9 /* Fontisto.ttf */ = {isa = PBXFileReference; name = "Fontisto.ttf"; path = "../node_modules/native-base/Fonts/Fontisto.ttf"; sourceTree = "<group>"; fileEncoding = undefined; lastKnownFileType = unknown; explicitFileType = undefined; includeInIndex = 0; };
		FC89FAC415694A689D574AB9 /* Foundation.ttf */ = {isa = PBXFileReference; name = "Foundation.ttf"; path = "../node_modules/native-base/Fonts/Foundation.ttf"; sourceTree = "<group>"; fileEncoding = undefined; lastKnownFileType = unknown; explicitFileType = undefined; includeInIndex = 0; };
		6438B43F32FF4AE1A772A8E8 /* Ionicons.ttf */ = {isa = PBXFileReference; name = "Ionicons.ttf"; path = "../node_modules/native-base/Fonts/Ionicons.ttf"; sourceTree = "<group>"; fileEncoding = undefined; lastKnownFileType = unknown; explicitFileType = undefined; includeInIndex = 0; };
		2E641D00878D4EC8B46D7BFB /* MaterialCommunityIcons.ttf */ = {isa = PBXFileReference; name = "MaterialCommunityIcons.ttf"; path = "../node_modules/native-base/Fonts/MaterialCommunityIcons.ttf"; sourceTree = "<group>"; fileEncoding = undefined; lastKnownFileType = unknown; explicitFileType = undefined; includeInIndex = 0; };
		BD0F3A852F424709A2BC40F5 /* MaterialIcons.ttf */ = {isa = PBXFileReference; name = "MaterialIcons.ttf"; path = "../node_modules/native-base/Fonts/MaterialIcons.ttf"; sourceTree = "<group>"; fileEncoding = undefined; lastKnownFileType = unknown; explicitFileType = undefined; includeInIndex = 0; };
		D83E637C16144725A37B8014 /* Octicons.ttf */ = {isa = PBXFileReference; name = "Octicons.ttf"; path = "../node_modules/native-base/Fonts/Octicons.ttf"; sourceTree = "<group>"; fileEncoding = undefined; lastKnownFileType = unknown; explicitFileType = undefined; includeInIndex = 0; };
		614418F6E3EC4823850395C9 /* Roboto_medium.ttf */ = {isa = PBXFileReference; name = "Roboto_medium.ttf"; path = "../node_modules/native-base/Fonts/Roboto_medium.ttf"; sourceTree = "<group>"; fileEncoding = undefined; lastKnownFileType = unknown; explicitFileType = undefined; includeInIndex = 0; };
		1DF992BAF9B04785B55C05E4 /* Roboto.ttf */ = {isa = PBXFileReference; name = "Roboto.ttf"; path = "../node_modules/native-base/Fonts/Roboto.ttf"; sourceTree = "<group>"; fileEncoding = undefined; lastKnownFileType = unknown; explicitFileType = undefined; includeInIndex = 0; };
		F1641D7B432F428EB06DC2F4 /* rubicon-icon-font.ttf */ = {isa = PBXFileReference; name = "rubicon-icon-font.ttf"; path = "../node_modules/native-base/Fonts/rubicon-icon-font.ttf"; sourceTree = "<group>"; fileEncoding = undefined; lastKnownFileType = unknown; explicitFileType = undefined; includeInIndex = 0; };
		F86F26258CD347D6B9E9F438 /* SimpleLineIcons.ttf */ = {isa = PBXFileReference; name = "SimpleLineIcons.ttf"; path = "../node_modules/native-base/Fonts/SimpleLineIcons.ttf"; sourceTree = "<group>"; fileEncoding = undefined; lastKnownFileType = unknown; explicitFileType = undefined; includeInIndex = 0; };
		0A318A3E79244A2296E8E2C3 /* Zocial.ttf */ = {isa = PBXFileReference; name = "Zocial.ttf"; path = "../node_modules/native-base/Fonts/Zocial.ttf"; sourceTree = "<group>"; fileEncoding = undefined; lastKnownFileType = unknown; explicitFileType = undefined; includeInIndex = 0; };
		36DD0E064BE54807BE9A84C8 /* Roboto-Bold.ttf */ = {isa = PBXFileReference; name = "Roboto-Bold.ttf"; path = "../assets/fonts/Roboto-Bold.ttf"; sourceTree = "<group>"; fileEncoding = undefined; lastKnownFileType = unknown; explicitFileType = undefined; includeInIndex = 0; };
		792AF18FA0DE45AA85CF73B3 /* Roboto-Light.ttf */ = {isa = PBXFileReference; name = "Roboto-Light.ttf"; path = "../assets/fonts/Roboto-Light.ttf"; sourceTree = "<group>"; fileEncoding = undefined; lastKnownFileType = unknown; explicitFileType = undefined; includeInIndex = 0; };
/* End PBXFileReference section */

/* Begin PBXFrameworksBuildPhase section */
		13B07F8C1A680F5B00A75B9A /* Frameworks */ = {
			isa = PBXFrameworksBuildPhase;
			buildActionMask = 2147483647;
			files = (
				96905EF65AED1B983A6B3ABC /* libPods-campkorea.a in Frameworks */,
			);
			runOnlyForDeploymentPostprocessing = 0;
		};
/* End PBXFrameworksBuildPhase section */

/* Begin PBXGroup section */
		13B07FAE1A68108700A75B9A /* campkorea */ = {
			isa = PBXGroup;
			children = (
				BB2F792B24A3F905000567C9 /* Supporting */,
				008F07F21AC5B25A0029DE68 /* main.jsbundle */,
				13B07FAF1A68108700A75B9A /* AppDelegate.h */,
				13B07FB01A68108700A75B9A /* AppDelegate.m */,
				13B07FB51A68108700A75B9A /* Images.xcassets */,
				13B07FB61A68108700A75B9A /* Info.plist */,
				13B07FB11A68108700A75B9A /* LaunchScreen.xib */,
				13B07FB71A68108700A75B9A /* main.m */,
				AA286B85B6C04FC6940260E9 /* SplashScreen.storyboard */,
			);
			name = campkorea;
			sourceTree = "<group>";
		};
		2D16E6871FA4F8E400B85C8A /* Frameworks */ = {
			isa = PBXGroup;
			children = (
				ED297162215061F000B7C4FE /* JavaScriptCore.framework */,
				ED2971642150620600B7C4FE /* JavaScriptCore.framework */,
				58EEBF8E8E6FB1BC6CAF49B5 /* libPods-campkorea.a */,
			);
			name = Frameworks;
			sourceTree = "<group>";
		};
		832341AE1AAA6A7D00B99B32 /* Libraries */ = {
			isa = PBXGroup;
			children = (
			);
			name = Libraries;
			sourceTree = "<group>";
		};
		83CBB9F61A601CBA00E9B192 = {
			isa = PBXGroup;
			children = (
				13B07FAE1A68108700A75B9A /* campkorea */,
				832341AE1AAA6A7D00B99B32 /* Libraries */,
				83CBBA001A601CBA00E9B192 /* Products */,
				2D16E6871FA4F8E400B85C8A /* Frameworks */,
				D65327D7A22EEC0BE12398D9 /* Pods */,
				63DFF46E7A6A4E60A4511E32 /* Resources */,
			);
			indentWidth = 2;
			sourceTree = "<group>";
			tabWidth = 2;
			usesTabs = 0;
		};
		83CBBA001A601CBA00E9B192 /* Products */ = {
			isa = PBXGroup;
			children = (
				13B07F961A680F5B00A75B9A /* campkorea.app */,
			);
			name = Products;
			sourceTree = "<group>";
		};
		BB2F792B24A3F905000567C9 /* Supporting */ = {
			isa = PBXGroup;
			children = (
				BB2F792C24A3F905000567C9 /* Expo.plist */,
			);
			name = Supporting;
			path = campkorea/Supporting;
			sourceTree = "<group>";
		};
		D65327D7A22EEC0BE12398D9 /* Pods */ = {
			isa = PBXGroup;
			children = (
				6C2E3173556A471DD304B334 /* Pods-campkorea.debug.xcconfig */,
				7A4D352CD337FB3A3BF06240 /* Pods-campkorea.release.xcconfig */,
			);
			path = Pods;
			sourceTree = "<group>";
		};
		63DFF46E7A6A4E60A4511E32 /* Resources */ = {
			isa = "PBXGroup";
			children = (
				FC2CD2463538499CB4A85DC8 /* 33676382891.ttf */,
				8425156E9ECD4A2F8897F970 /* ADega Serif Regular.ttf */,
				FCA85DC07EA44A9885D279F2 /* Bayon.ttf */,
				1F17EF77D4E9403F861A8342 /* BebasNeue-Regular.ttf */,
				AA1082A00F714627ADB074AA /* Nickainley-Normal_2.ttf */,
				AF0E973832F147DEA115A36A /* Strawberry Whipped Cream_2.ttf */,
				4CE0A874918248C185CFDC23 /* AntDesign.ttf */,
				67DA0B4D37BA49F6B31D3A7D /* Entypo.ttf */,
				3AE4ED6AD1ED49FBBA2B110C /* EvilIcons.ttf */,
				06F9999140F24AE9B7672E58 /* Feather.ttf */,
				B912F150C367460982AD34BC /* FontAwesome.ttf */,
				B755F0FF1582450CAA972203 /* FontAwesome5_Brands.ttf */,
				E9F766D321BF49AE89EF4E30 /* FontAwesome5_Regular.ttf */,
				AC90580E6D2A438FBE0C853D /* FontAwesome5_Solid.ttf */,
				921C1B28AB18423D94BDD2A9 /* Fontisto.ttf */,
				FC89FAC415694A689D574AB9 /* Foundation.ttf */,
				6438B43F32FF4AE1A772A8E8 /* Ionicons.ttf */,
				2E641D00878D4EC8B46D7BFB /* MaterialCommunityIcons.ttf */,
				BD0F3A852F424709A2BC40F5 /* MaterialIcons.ttf */,
				D83E637C16144725A37B8014 /* Octicons.ttf */,
				614418F6E3EC4823850395C9 /* Roboto_medium.ttf */,
				1DF992BAF9B04785B55C05E4 /* Roboto.ttf */,
				F1641D7B432F428EB06DC2F4 /* rubicon-icon-font.ttf */,
				F86F26258CD347D6B9E9F438 /* SimpleLineIcons.ttf */,
				0A318A3E79244A2296E8E2C3 /* Zocial.ttf */,
				36DD0E064BE54807BE9A84C8 /* Roboto-Bold.ttf */,
				792AF18FA0DE45AA85CF73B3 /* Roboto-Light.ttf */,
			);
			name = Resources;
			sourceTree = "<group>";
			path = "";
		};
/* End PBXGroup section */

/* Begin PBXNativeTarget section */
		13B07F861A680F5B00A75B9A /* campkorea */ = {
			isa = PBXNativeTarget;
			buildConfigurationList = 13B07F931A680F5B00A75B9A /* Build configuration list for PBXNativeTarget "campkorea" */;
			buildPhases = (
				08A4A3CD28434E44B6B9DE2E /* [CP] Check Pods Manifest.lock */,
				FD10A7F022414F080027D42C /* Start Packager */,
				13B07F871A680F5B00A75B9A /* Sources */,
				13B07F8C1A680F5B00A75B9A /* Frameworks */,
				13B07F8E1A680F5B00A75B9A /* Resources */,
				00DD1BFF1BD5951E006B06BC /* Bundle React Native code and images */,
				800E24972A6A228C8D4807E9 /* [CP] Copy Pods Resources */,
			);
			buildRules = (
			);
			dependencies = (
			);
			name = campkorea;
			productName = campkorea;
			productReference = 13B07F961A680F5B00A75B9A /* campkorea.app */;
			productType = "com.apple.product-type.application";
		};
/* End PBXNativeTarget section */

/* Begin PBXProject section */
		83CBB9F71A601CBA00E9B192 /* Project object */ = {
			isa = PBXProject;
			attributes = {
				LastUpgradeCheck = 1130;
				TargetAttributes = {
					13B07F861A680F5B00A75B9A = {
						LastSwiftMigration = 1120;
					};
				};
			};
			buildConfigurationList = 83CBB9FA1A601CBA00E9B192 /* Build configuration list for PBXProject "campkorea" */;
			compatibilityVersion = "Xcode 3.2";
			developmentRegion = en;
			hasScannedForEncodings = 0;
			knownRegions = (
				en,
				Base,
			);
			mainGroup = 83CBB9F61A601CBA00E9B192;
			productRefGroup = 83CBBA001A601CBA00E9B192 /* Products */;
			projectDirPath = "";
			projectRoot = "";
			targets = (
				13B07F861A680F5B00A75B9A /* campkorea */,
			);
		};
/* End PBXProject section */

/* Begin PBXResourcesBuildPhase section */
		13B07F8E1A680F5B00A75B9A /* Resources */ = {
			isa = PBXResourcesBuildPhase;
			buildActionMask = 2147483647;
			files = (
				BB2F792D24A3F905000567C9 /* Expo.plist in Resources */,
				13B07FBF1A68108700A75B9A /* Images.xcassets in Resources */,
				13B07FBD1A68108700A75B9A /* LaunchScreen.xib in Resources */,
				3E461D99554A48A4959DE609 /* SplashScreen.storyboard in Resources */,
				880757E10B124CB999E9E3CE /* 33676382891.ttf in Resources */,
				0721311AA2DB4922856C2CC6 /* ADega Serif Regular.ttf in Resources */,
				EC8DAA4022154D1BB9951038 /* Bayon.ttf in Resources */,
				EEA5291909494EC38180952B /* BebasNeue-Regular.ttf in Resources */,
				C29D303D9D8543DDAA913578 /* Nickainley-Normal_2.ttf in Resources */,
				5B1EAC0C3019451B9EA18E7C /* Strawberry Whipped Cream_2.ttf in Resources */,
				375853DA6270408A9F69C5E1 /* AntDesign.ttf in Resources */,
				7CCCF07A03EB47C39B46FDC3 /* Entypo.ttf in Resources */,
				145779C6B3D84CF6B6A814BA /* EvilIcons.ttf in Resources */,
				4FC9CB676A704934B7D4E303 /* Feather.ttf in Resources */,
				74E87E5D3F1549E19F38BA52 /* FontAwesome.ttf in Resources */,
				1294B07E1F63429581E327BB /* FontAwesome5_Brands.ttf in Resources */,
				E885C0033F234855AC169778 /* FontAwesome5_Regular.ttf in Resources */,
				FAE6E38A28634EEDBF91D4C0 /* FontAwesome5_Solid.ttf in Resources */,
				4F115B5C75AC47FD8D7F8F43 /* Fontisto.ttf in Resources */,
				639918AA199748C6A571EAFB /* Foundation.ttf in Resources */,
				78E5067C005742D985122AAA /* Ionicons.ttf in Resources */,
				A4C667A7B1B34BB3A7EF5C9C /* MaterialCommunityIcons.ttf in Resources */,
				E1337D4B46E640F29C2033B1 /* MaterialIcons.ttf in Resources */,
				F79FC87E344343CABAC926F0 /* Octicons.ttf in Resources */,
				7E6C1AC22864454F91A12208 /* Roboto_medium.ttf in Resources */,
				DCACB85C57D74E539CB6E48F /* Roboto.ttf in Resources */,
				85A454DFD875475B810439C5 /* rubicon-icon-font.ttf in Resources */,
				210B646F16134CE688F6EA05 /* SimpleLineIcons.ttf in Resources */,
				1C73A03748AB4DD7997E91D1 /* Zocial.ttf in Resources */,
				10140DA83BD0476FAC043E2A /* Roboto-Bold.ttf in Resources */,
				4197D373E9AF4786AA6A48DB /* Roboto-Light.ttf in Resources */,
			);
			runOnlyForDeploymentPostprocessing = 0;
		};
/* End PBXResourcesBuildPhase section */

/* Begin PBXShellScriptBuildPhase section */
		00DD1BFF1BD5951E006B06BC /* Bundle React Native code and images */ = {
			isa = PBXShellScriptBuildPhase;
			buildActionMask = 2147483647;
			files = (
			);
			inputPaths = (
			);
			name = "Bundle React Native code and images";
			outputPaths = (
			);
			runOnlyForDeploymentPostprocessing = 0;
			shellPath = /bin/sh;
			shellScript = "export NODE_BINARY=node\n../node_modules/react-native/scripts/react-native-xcode.sh\n../node_modules/expo-constants/scripts/get-app-config-ios.sh\n../node_modules/expo-updates/scripts/create-manifest-ios.sh\n";
		};
		08A4A3CD28434E44B6B9DE2E /* [CP] Check Pods Manifest.lock */ = {
			isa = PBXShellScriptBuildPhase;
			buildActionMask = 2147483647;
			files = (
			);
			inputFileListPaths = (
			);
			inputPaths = (
				"${PODS_PODFILE_DIR_PATH}/Podfile.lock",
				"${PODS_ROOT}/Manifest.lock",
			);
			name = "[CP] Check Pods Manifest.lock";
			outputFileListPaths = (
			);
			outputPaths = (
				"$(DERIVED_FILE_DIR)/Pods-campkorea-checkManifestLockResult.txt",
			);
			runOnlyForDeploymentPostprocessing = 0;
			shellPath = /bin/sh;
			shellScript = "diff \"${PODS_PODFILE_DIR_PATH}/Podfile.lock\" \"${PODS_ROOT}/Manifest.lock\" > /dev/null\nif [ $? != 0 ] ; then\n    # print error to STDERR\n    echo \"error: The sandbox is not in sync with the Podfile.lock. Run 'pod install' or update your CocoaPods installation.\" >&2\n    exit 1\nfi\n# This output is used by Xcode 'outputs' to avoid re-running this script phase.\necho \"SUCCESS\" > \"${SCRIPT_OUTPUT_FILE_0}\"\n";
			showEnvVarsInLog = 0;
		};
		800E24972A6A228C8D4807E9 /* [CP] Copy Pods Resources */ = {
			isa = PBXShellScriptBuildPhase;
			buildActionMask = 2147483647;
			files = (
			);
			inputPaths = (
				"${PODS_ROOT}/Target Support Files/Pods-campkorea/Pods-campkorea-resources.sh",
				"${PODS_ROOT}/FBSDKCoreKit/FacebookSDKStrings.bundle",
				"${PODS_CONFIGURATION_BUILD_DIR}/React-Core/AccessibilityResources.bundle",
			);
			name = "[CP] Copy Pods Resources";
			outputPaths = (
				"${TARGET_BUILD_DIR}/${UNLOCALIZED_RESOURCES_FOLDER_PATH}/FacebookSDKStrings.bundle",
				"${TARGET_BUILD_DIR}/${UNLOCALIZED_RESOURCES_FOLDER_PATH}/AccessibilityResources.bundle",
			);
			runOnlyForDeploymentPostprocessing = 0;
			shellPath = /bin/sh;
			shellScript = "\"${PODS_ROOT}/Target Support Files/Pods-campkorea/Pods-campkorea-resources.sh\"\n";
			showEnvVarsInLog = 0;
		};
		FD10A7F022414F080027D42C /* Start Packager */ = {
			isa = PBXShellScriptBuildPhase;
			buildActionMask = 2147483647;
			files = (
			);
			inputFileListPaths = (
			);
			inputPaths = (
			);
			name = "Start Packager";
			outputFileListPaths = (
			);
			outputPaths = (
			);
			runOnlyForDeploymentPostprocessing = 0;
			shellPath = /bin/sh;
			shellScript = "export RCT_METRO_PORT=\"${RCT_METRO_PORT:=8081}\"\necho \"export RCT_METRO_PORT=${RCT_METRO_PORT}\" > \"${SRCROOT}/../node_modules/react-native/scripts/.packager.env\"\nif [ -z \"${RCT_NO_LAUNCH_PACKAGER+xxx}\" ] ; then\n  if nc -w 5 -z localhost ${RCT_METRO_PORT} ; then\n    if ! curl -s \"http://localhost:${RCT_METRO_PORT}/status\" | grep -q \"packager-status:running\" ; then\n      echo \"Port ${RCT_METRO_PORT} already in use, packager is either not running or not running correctly\"\n      exit 2\n    fi\n  else\n    open \"$SRCROOT/../node_modules/react-native/scripts/launchPackager.command\" || echo \"Can't start packager automatically\"\n  fi\nfi\n";
			showEnvVarsInLog = 0;
		};
/* End PBXShellScriptBuildPhase section */

/* Begin PBXSourcesBuildPhase section */
		13B07F871A680F5B00A75B9A /* Sources */ = {
			isa = PBXSourcesBuildPhase;
			buildActionMask = 2147483647;
			files = (
				13B07FBC1A68108700A75B9A /* AppDelegate.m in Sources */,
				13B07FC11A68108700A75B9A /* main.m in Sources */,
			);
			runOnlyForDeploymentPostprocessing = 0;
		};
/* End PBXSourcesBuildPhase section */

/* Begin PBXVariantGroup section */
		13B07FB11A68108700A75B9A /* LaunchScreen.xib */ = {
			isa = PBXVariantGroup;
			children = (
				13B07FB21A68108700A75B9A /* Base */,
			);
			name = LaunchScreen.xib;
			path = campkorea;
			sourceTree = "<group>";
		};
/* End PBXVariantGroup section */

/* Begin XCBuildConfiguration section */
		13B07F941A680F5B00A75B9A /* Debug */ = {
			isa = XCBuildConfiguration;
			baseConfigurationReference = 6C2E3173556A471DD304B334 /* Pods-campkorea.debug.xcconfig */;
			buildSettings = {
				ASSETCATALOG_COMPILER_APPICON_NAME = AppIcon;
				CLANG_ENABLE_MODULES = YES;
				CODE_SIGN_ENTITLEMENTS = campkorea/couf.entitlements;
				CURRENT_PROJECT_VERSION = 1;
				ENABLE_BITCODE = NO;
				"EXCLUDED_ARCHS[sdk=iphonesimulator*]" = arm64;
				GCC_PREPROCESSOR_DEFINITIONS = (
					"$(inherited)",
					"FB_SONARKIT_ENABLED=1",
				);
				INFOPLIST_FILE = campkorea/Info.plist;
				IPHONEOS_DEPLOYMENT_TARGET = 11.0;
				LD_RUNPATH_SEARCH_PATHS = "$(inherited) @executable_path/Frameworks";
				OTHER_LDFLAGS = (
					"$(inherited)",
					"-ObjC",
					"-lc++",
				);
				PRODUCT_BUNDLE_IDENTIFIER = com.nn.couf;
				PRODUCT_NAME = couf;
				SWIFT_OPTIMIZATION_LEVEL = "-Onone";
				SWIFT_VERSION = 5.0;
				TARGETED_DEVICE_FAMILY = "1,2";
				VERSIONING_SYSTEM = "apple-generic";
			};
			name = Debug;
		};
		13B07F951A680F5B00A75B9A /* Release */ = {
			isa = XCBuildConfiguration;
			baseConfigurationReference = 7A4D352CD337FB3A3BF06240 /* Pods-campkorea.release.xcconfig */;
			buildSettings = {
				ASSETCATALOG_COMPILER_APPICON_NAME = AppIcon;
				CLANG_ENABLE_MODULES = YES;
				CODE_SIGN_ENTITLEMENTS = campkorea/couf.entitlements;
				CURRENT_PROJECT_VERSION = 1;
				"EXCLUDED_ARCHS[sdk=iphonesimulator*]" = arm64;
				INFOPLIST_FILE = campkorea/Info.plist;
				IPHONEOS_DEPLOYMENT_TARGET = 11.0;
				LD_RUNPATH_SEARCH_PATHS = "$(inherited) @executable_path/Frameworks";
				OTHER_LDFLAGS = (
					"$(inherited)",
					"-ObjC",
					"-lc++",
				);
				PRODUCT_BUNDLE_IDENTIFIER = com.nn.couf;
				PRODUCT_NAME = couf;
				SWIFT_VERSION = 5.0;
				TARGETED_DEVICE_FAMILY = "1,2";
				VERSIONING_SYSTEM = "apple-generic";
			};
			name = Release;
		};
		83CBBA201A601CBA00E9B192 /* Debug */ = {
			isa = XCBuildConfiguration;
			buildSettings = {
				ALWAYS_SEARCH_USER_PATHS = NO;
				CLANG_ANALYZER_LOCALIZABILITY_NONLOCALIZED = YES;
				CLANG_CXX_LANGUAGE_STANDARD = "gnu++0x";
				CLANG_CXX_LIBRARY = "libc++";
				CLANG_ENABLE_MODULES = YES;
				CLANG_ENABLE_OBJC_ARC = YES;
				CLANG_WARN_BLOCK_CAPTURE_AUTORELEASING = YES;
				CLANG_WARN_BOOL_CONVERSION = YES;
				CLANG_WARN_COMMA = YES;
				CLANG_WARN_CONSTANT_CONVERSION = YES;
				CLANG_WARN_DEPRECATED_OBJC_IMPLEMENTATIONS = YES;
				CLANG_WARN_DIRECT_OBJC_ISA_USAGE = YES_ERROR;
				CLANG_WARN_EMPTY_BODY = YES;
				CLANG_WARN_ENUM_CONVERSION = YES;
				CLANG_WARN_INFINITE_RECURSION = YES;
				CLANG_WARN_INT_CONVERSION = YES;
				CLANG_WARN_NON_LITERAL_NULL_CONVERSION = YES;
				CLANG_WARN_OBJC_IMPLICIT_RETAIN_SELF = YES;
				CLANG_WARN_OBJC_LITERAL_CONVERSION = YES;
				CLANG_WARN_OBJC_ROOT_CLASS = YES_ERROR;
				CLANG_WARN_RANGE_LOOP_ANALYSIS = YES;
				CLANG_WARN_STRICT_PROTOTYPES = YES;
				CLANG_WARN_SUSPICIOUS_MOVE = YES;
				CLANG_WARN_UNREACHABLE_CODE = YES;
				CLANG_WARN__DUPLICATE_METHOD_MATCH = YES;
				CODE_SIGN_ENTITLEMENTS = campkorea/couf.entitlements;
				"CODE_SIGN_IDENTITY[sdk=iphoneos*]" = "iPhone Developer";
				COPY_PHASE_STRIP = NO;
				ENABLE_STRICT_OBJC_MSGSEND = YES;
				ENABLE_TESTABILITY = YES;
				GCC_C_LANGUAGE_STANDARD = gnu99;
				GCC_DYNAMIC_NO_PIC = NO;
				GCC_NO_COMMON_BLOCKS = YES;
				GCC_OPTIMIZATION_LEVEL = 0;
				GCC_PREPROCESSOR_DEFINITIONS = (
					"DEBUG=1",
					"$(inherited)",
				);
				GCC_SYMBOLS_PRIVATE_EXTERN = NO;
				GCC_WARN_64_TO_32_BIT_CONVERSION = YES;
				GCC_WARN_ABOUT_RETURN_TYPE = YES_ERROR;
				GCC_WARN_UNDECLARED_SELECTOR = YES;
				GCC_WARN_UNINITIALIZED_AUTOS = YES_AGGRESSIVE;
				GCC_WARN_UNUSED_FUNCTION = YES;
				GCC_WARN_UNUSED_VARIABLE = YES;
				IPHONEOS_DEPLOYMENT_TARGET = 10.0;
				LD_RUNPATH_SEARCH_PATHS = "/usr/lib/swift $(inherited)";
				LIBRARY_SEARCH_PATHS = (
					"\"$(TOOLCHAIN_DIR)/usr/lib/swift/$(PLATFORM_NAME)\"",
					"\"$(TOOLCHAIN_DIR)/usr/lib/swift-5.0/$(PLATFORM_NAME)\"",
					"\"$(inherited)\"",
				);
				MTL_ENABLE_DEBUG_INFO = YES;
				ONLY_ACTIVE_ARCH = YES;
				SDKROOT = iphoneos;
			};
			name = Debug;
		};
		83CBBA211A601CBA00E9B192 /* Release */ = {
			isa = XCBuildConfiguration;
			buildSettings = {
				ALWAYS_SEARCH_USER_PATHS = NO;
				CLANG_ANALYZER_LOCALIZABILITY_NONLOCALIZED = YES;
				CLANG_CXX_LANGUAGE_STANDARD = "gnu++0x";
				CLANG_CXX_LIBRARY = "libc++";
				CLANG_ENABLE_MODULES = YES;
				CLANG_ENABLE_OBJC_ARC = YES;
				CLANG_WARN_BLOCK_CAPTURE_AUTORELEASING = YES;
				CLANG_WARN_BOOL_CONVERSION = YES;
				CLANG_WARN_COMMA = YES;
				CLANG_WARN_CONSTANT_CONVERSION = YES;
				CLANG_WARN_DEPRECATED_OBJC_IMPLEMENTATIONS = YES;
				CLANG_WARN_DIRECT_OBJC_ISA_USAGE = YES_ERROR;
				CLANG_WARN_EMPTY_BODY = YES;
				CLANG_WARN_ENUM_CONVERSION = YES;
				CLANG_WARN_INFINITE_RECURSION = YES;
				CLANG_WARN_INT_CONVERSION = YES;
				CLANG_WARN_NON_LITERAL_NULL_CONVERSION = YES;
				CLANG_WARN_OBJC_IMPLICIT_RETAIN_SELF = YES;
				CLANG_WARN_OBJC_LITERAL_CONVERSION = YES;
				CLANG_WARN_OBJC_ROOT_CLASS = YES_ERROR;
				CLANG_WARN_RANGE_LOOP_ANALYSIS = YES;
				CLANG_WARN_STRICT_PROTOTYPES = YES;
				CLANG_WARN_SUSPICIOUS_MOVE = YES;
				CLANG_WARN_UNREACHABLE_CODE = YES;
				CLANG_WARN__DUPLICATE_METHOD_MATCH = YES;
				CODE_SIGN_ENTITLEMENTS = campkorea/couf.entitlements;
				"CODE_SIGN_IDENTITY[sdk=iphoneos*]" = "iPhone Developer";
				COPY_PHASE_STRIP = YES;
				ENABLE_NS_ASSERTIONS = NO;
				ENABLE_STRICT_OBJC_MSGSEND = YES;
				GCC_C_LANGUAGE_STANDARD = gnu99;
				GCC_NO_COMMON_BLOCKS = YES;
				GCC_WARN_64_TO_32_BIT_CONVERSION = YES;
				GCC_WARN_ABOUT_RETURN_TYPE = YES_ERROR;
				GCC_WARN_UNDECLARED_SELECTOR = YES;
				GCC_WARN_UNINITIALIZED_AUTOS = YES_AGGRESSIVE;
				GCC_WARN_UNUSED_FUNCTION = YES;
				GCC_WARN_UNUSED_VARIABLE = YES;
				IPHONEOS_DEPLOYMENT_TARGET = 10.0;
				LD_RUNPATH_SEARCH_PATHS = "/usr/lib/swift $(inherited)";
				LIBRARY_SEARCH_PATHS = (
					"\"$(TOOLCHAIN_DIR)/usr/lib/swift/$(PLATFORM_NAME)\"",
					"\"$(TOOLCHAIN_DIR)/usr/lib/swift-5.0/$(PLATFORM_NAME)\"",
					"\"$(inherited)\"",
				);
				MTL_ENABLE_DEBUG_INFO = NO;
				SDKROOT = iphoneos;
				VALIDATE_PRODUCT = YES;
			};
			name = Release;
		};
/* End XCBuildConfiguration section */

/* Begin XCConfigurationList section */
		13B07F931A680F5B00A75B9A /* Build configuration list for PBXNativeTarget "campkorea" */ = {
			isa = XCConfigurationList;
			buildConfigurations = (
				13B07F941A680F5B00A75B9A /* Debug */,
				13B07F951A680F5B00A75B9A /* Release */,
			);
			defaultConfigurationIsVisible = 0;
			defaultConfigurationName = Release;
		};
		83CBB9FA1A601CBA00E9B192 /* Build configuration list for PBXProject "campkorea" */ = {
			isa = XCConfigurationList;
			buildConfigurations = (
				83CBBA201A601CBA00E9B192 /* Debug */,
				83CBBA211A601CBA00E9B192 /* Release */,
			);
			defaultConfigurationIsVisible = 0;
			defaultConfigurationName = Release;
		};
/* End XCConfigurationList section */
	};
	rootObject = 83CBB9F71A601CBA00E9B192 /* Project object */;
}
